{
  "name": "previsão do tempo",
  "lockfileVersion": 3,
  "requires": true,
  "packages": {
    "": {
      "dependencies": {
        "all-animation": "^3.0.7"
      }
    },
    "node_modules/all-animation": {
      "version": "3.0.7",
      "resolved": "https://registry.npmjs.org/all-animation/-/all-animation-3.0.7.tgz",
      "integrity": "sha512-PaIghw/UAl/g8HFRmQlZHi5fRfLpBF81TGyfqWkZ6hl+6UBLSTfm8KWBFwdQzOXa+N2UyFLb6ayCzgnHKT752g=="
    }
  }
}
